
Microsoft Visual Studio Solution File, Format Version 12.00
# Visual Studio Version 17
VisualStudioVersion = 17.8.34511.84
MinimumVisualStudioVersion = 10.0.40219.1
Project("{9A19103F-16F7-4668-BE54-9A1E7A4F7556}") = "ContractMonthlyClaimsSystems", "ContractMonthlyClaimsSystems\ContractMonthlyClaimsSystems.csproj", "{83129365-B367-4BA8-822E-2CD25157D41F}"
EndProject
Global
	GlobalSection(SolutionConfigurationPlatforms) = preSolution
		Debug|Any CPU = Debug|Any CPU
		Release|Any CPU = Release|Any CPU
	EndGlobalSection
	GlobalSection(ProjectConfigurationPlatforms) = postSolution
		{83129365-B367-4BA8-822E-2CD25157D41F}.Debug|Any CPU.ActiveCfg = Debug|Any CPU
		{83129365-B367-4BA8-822E-2CD25157D41F}.Debug|Any CPU.Build.0 = Debug|Any CPU
		{83129365-B367-4BA8-822E-2CD25157D41F}.Release|Any CPU.ActiveCfg = Release|Any CPU
		{83129365-B367-4BA8-822E-2CD25157D41F}.Release|Any CPU.Build.0 = Release|Any CPU
	EndGlobalSection
	GlobalSection(SolutionProperties) = preSolution
		HideSolutionNode = FALSE
	EndGlobalSection
	GlobalSection(ExtensibilityGlobals) = postSolution
		SolutionGuid = {0973CCCF-54A5-4F13-8A84-2D0F13BD73AE}
	EndGlobalSection
EndGlobal
